# eidolons.lock — auto-generated by 'eidolons sync'. Commit to VCS.
generated_at: "2026-06-11T23:28:46Z"
eidolons_cli_version: "1.37.0"
nexus_commit: "cf0c2f99a57e1d92c46531d2196b350390ce0155"
members:
  - name: atlas
    version: "1.12.1"
    resolved: "github:Rynaro/ATLAS@9ba9e04f3b1a0b4dbeb4ab3a5ff8f1c3734a3196"
    commit: "9ba9e04f3b1a0b4dbeb4ab3a5ff8f1c3734a3196"
    tree: "0f9ead8d5ccb7100c82861514628d04a44827cb5"
    archive_sha256: "3672a449de54634c7e367f6a3908a52f4f6fe81406e8855519583c7f515f1dea"
    manifest_sha256: "54ad26da4b6288910dab31f58457ddfefa40bd5484739a51fe9770a1df4899ac"
    verification: "verified"
    target: "./.eidolons/atlas"
    hosts_wired: ["claude-code"]
  - name: spectra
    version: "4.9.1"
    resolved: "github:Rynaro/SPECTRA@86d9471095022c051a0025d1a472051f42aa88ea"
    commit: "86d9471095022c051a0025d1a472051f42aa88ea"
    tree: "54a4e4fa5c70ddd27385b52c828bcc006e61dcd5"
    archive_sha256: "9eeb02cedd238375180c7d1242faf1011c7d84285b28cc766a739cd265df468f"
    manifest_sha256: "43bafae41e12e7f4ece9fe72edcd1a083ec72e0edc8291809ca3487593b68b1d"
    verification: "verified"
    target: "./.eidolons/spectra"
    hosts_wired: ["claude-code"]
  - name: vivi
    version: "1.1.2"
    resolved: "github:Rynaro/Vivi@5d3da8a46dbb829ccef3e5d59f58dc11761d28d9"
    commit: "5d3da8a46dbb829ccef3e5d59f58dc11761d28d9"
    tree: "6013a1d767ba2d61050a3442584fbf645d59ded0"
    archive_sha256: "31cd014e7a869723862d8ec7f0192d25a55c18bba020c6a706c1e572288e6725"
    manifest_sha256: "2a511cff95995ed2ee13b5b5e64c603cd6405156d0c4152b93a61164b82f6b23"
    verification: "verified"
    target: "./.eidolons/vivi"
    hosts_wired: ["claude-code"]
  - name: idg
    version: "1.8.1"
    resolved: "github:Rynaro/IDG@f94382f04c4b37687fe25512ebd80e57b0be8b9d"
    commit: "f94382f04c4b37687fe25512ebd80e57b0be8b9d"
    tree: "bd9b3d6cedc24f464a44a240eb8e4cb7e0cf909e"
    archive_sha256: "dd43c68b4223a962b049e04cb405d9d0901c8be714c56845da2b8ea159f7ccec"
    manifest_sha256: "e2adc74665aacf9c6e3a7dcec8cbd9ed5741e42d67bfece5e5d8f2b187ac12c6"
    verification: "verified"
    target: "./.eidolons/idg"
    hosts_wired: ["claude-code"]
  - name: forge
    version: "1.9.1"
    resolved: "github:Rynaro/FORGE@52bf9dd4577e7c9f976c4170679ca49b7cb3e467"
    commit: "52bf9dd4577e7c9f976c4170679ca49b7cb3e467"
    tree: "898e1d380177f01a9ee6bc1c4ba1c5b3a7a4a825"
    archive_sha256: "c054aaf512c631ba73c9543e1b53a3d65045ee24f42d36546799ce32058c3274"
    manifest_sha256: "bc7588730cff285584b844211003fcae82e1a10cf1b3d077a8f0efa24de58a21"
    verification: "verified"
    target: "./.eidolons/forge"
    hosts_wired: ["claude-code"]
  - name: vigil
    version: "1.6.1"
    resolved: "github:Rynaro/VIGIL@d13f379cfa07241673c86f1785b3a0d803a02eea"
    commit: "d13f379cfa07241673c86f1785b3a0d803a02eea"
    tree: "6edf7d7b9aebead9a98d9431630e7b873574fcde"
    archive_sha256: "5b53305cac8a2c146d80587d9489e92915dfe991ad48758170a88d75868a741b"
    manifest_sha256: "dede9c670ce9f98ce59d9181148f0b262eb6ad37c53c893438c57b77914e9d1e"
    verification: "verified"
    target: "./.eidolons/vigil"
    hosts_wired: ["claude-code"]
  - name: kupo
    version: "1.1.1"
    resolved: "github:Rynaro/Kupo@651e99ac2f9dd4c557b6d718ebcae59db58ab3cf"
    commit: "651e99ac2f9dd4c557b6d718ebcae59db58ab3cf"
    tree: "9f5dec0aec4d4ec139cd49d3b6118bcad89d87b0"
    archive_sha256: "0f0fffc084553de889e868bfe6b3d903e9bd92fa5b65328125c62f88defda46d"
    manifest_sha256: "9f28500b53c4d03ef047f963b899ab593b6b82b80e5e63dcc8e7ef92ca3fc1d4"
    verification: "verified"
    target: "./.eidolons/kupo"
    hosts_wired: ["claude-code"]
hosts:
  wire: [claude-code]
  shared_dispatch: true
  strict: false
  pointer_targets: [AGENTS.md, CLAUDE.md]
composition:
  target: EIDOLONS.md
  hoisted_from:
    - AGENTS.md
    - CLAUDE.md
  agents_md_role: hoisted
  schema_version: 1
harness:
  schema_version: 1
  hosts_wired:
    - claude-code
  shim_paths:
    - .eidolons/harness/hooks/claude-code-UserPromptSubmit.sh
    - .eidolons/harness/hooks/claude-code-SessionStart.sh
