# eidolons.lock — auto-generated by 'eidolons sync'. Commit to VCS.
generated_at: "2026-04-30T17:21:33Z"
eidolons_cli_version: "1.0.0"
nexus_commit: "084ca0d3a4834ecfd31e615237e2fecea5e05bb0"
members:
  - name: atlas
    version: "1.0.5"
    resolved: "github:Rynaro/ATLAS@cb4ec69d317637b60cd24d30611d8a2ffc0007e2"
    target: "./.eidolons/atlas"
    hosts_wired: ["claude-code"]
  - name: spectra
    version: "4.2.10"
    resolved: "github:Rynaro/SPECTRA@f761a3f95c47e612c893068a9c793fc2f5215e86"
    target: "./.eidolons/spectra"
    hosts_wired: ["claude-code"]
  - name: apivr
    version: "3.0.5"
    resolved: "github:Rynaro/APIVR-Delta@5c1b538bd3914e7820fde5de1a1decea7530df45"
    target: "./.eidolons/apivr"
    hosts_wired: ["claude-code"]
  - name: idg
    version: "1.1.5"
    resolved: "github:Rynaro/IDG@2e7ebbcd73f2302388649b5e7ba92ba94be8ebc5"
    target: "./.eidolons/idg"
    hosts_wired: ["claude-code"]
  - name: forge
    version: "1.2.1"
    resolved: "github:Rynaro/FORGE@3a55642927d15801a7474f3361785df12b9a201d"
    target: "./.eidolons/forge"
    hosts_wired: ["claude-code"]
  - name: vigil
    version: "1.0.3"
    resolved: "github:Rynaro/VIGIL@1683d62260274edc73641e8f122f913dfee9d07c"
    target: "./.eidolons/vigil"
    hosts_wired: ["claude-code"]
