# eidolons.mcp.lock — auto-generated by 'eidolons mcp install/upgrade/sync'. Commit to VCS.
generated_at: "2026-06-11T23:31:40Z"
eidolons_cli_version: "1.37.0"
catalogue_version: "1.2"
mcps:
  - name: atlas-aci
    kind: oci-image
    version: "0.2.3"
    source:
      image: "ghcr.io/rynaro/atlas-aci"
    integrity:
      algo: oci-digest
      value: "sha256:86f82c454d21378ba99ce7ef92494c34ad533e82bc76e6ea7affa4a8056326b3"
    target: ".mcp.json"
    hosts_wired:
      - ".claude/agents/atlas.md"
      - ".claude/agents/kupo.md"
      - ".claude/agents/vivi.md"
      - ".codex/config.toml"
      - ".cursor/mcp.json"
      - ".github/agents/*"
      - ".mcp.json"
    installed_at: "2026-06-09T21:57:25Z"
  - name: crystalium
    kind: oci-image
    version: "1.4.0"
    source:
      image: "ghcr.io/rynaro/crystalium"
    integrity:
      algo: oci-digest
      value: "sha256:778167053c55cea71c1f6d7a12f8a11d904c00715aaa72ac47aec90b3d3fdf2f"
    target: ".mcp.json"
    hosts_wired:
      - ".claude/agents/atlas.md"
      - ".claude/agents/forge.md"
      - ".claude/agents/idg.md"
      - ".claude/agents/kupo.md"
      - ".claude/agents/spectra.md"
      - ".claude/agents/vigil.md"
      - ".claude/agents/vivi.md"
      - ".mcp.json"
    installed_at: "2026-06-11T23:30:24Z"
  - name: junction
    kind: binary
    version: "0.3.0"
    source:
      repo: "Rynaro/Junction"
    integrity:
      algo: none
      value: ""
    target: "/Users/henrique/.eidolons/cache/junction@0.3.0/junction"
    hosts_wired:
      - ".mcp.json"
    installed_at: "2026-06-11T23:31:39Z"
